
Microsoft Visual Studio Solution File, Format Version 12.00
# Visual Studio Version 17
VisualStudioVersion = 17.0.31903.59
MinimumVisualStudioVersion = 10.0.40219.1
Project("{FAE04EC0-301F-11D3-BF4B-00C04F79EFBC}") = "API", "API\API.csproj", "{DC33FCCF-28D1-4BF5-937C-4D948CE3ABB7}"
EndProject
Project("{FAE04EC0-301F-11D3-BF4B-00C04F79EFBC}") = "Core", "Core\Core.csproj", "{2DD52BBA-6C55-4F54-AA4E-D5BB9425DF5F}"
EndProject
Project("{FAE04EC0-301F-11D3-BF4B-00C04F79EFBC}") = "Infrastructure", "Infrastructure\Infrastructure.csproj", "{22FA4AED-9E9B-4A0C-BF5F-35E3B29C0188}"
EndProject
Global
	GlobalSection(SolutionConfigurationPlatforms) = preSolution
		Debug|Any CPU = Debug|Any CPU
		Release|Any CPU = Release|Any CPU
	EndGlobalSection
	GlobalSection(SolutionProperties) = preSolution
		HideSolutionNode = FALSE
	EndGlobalSection
	GlobalSection(ProjectConfigurationPlatforms) = postSolution
		{DC33FCCF-28D1-4BF5-937C-4D948CE3ABB7}.Debug|Any CPU.ActiveCfg = Debug|Any CPU
		{DC33FCCF-28D1-4BF5-937C-4D948CE3ABB7}.Debug|Any CPU.Build.0 = Debug|Any CPU
		{DC33FCCF-28D1-4BF5-937C-4D948CE3ABB7}.Release|Any CPU.ActiveCfg = Release|Any CPU
		{DC33FCCF-28D1-4BF5-937C-4D948CE3ABB7}.Release|Any CPU.Build.0 = Release|Any CPU
		{2DD52BBA-6C55-4F54-AA4E-D5BB9425DF5F}.Debug|Any CPU.ActiveCfg = Debug|Any CPU
		{2DD52BBA-6C55-4F54-AA4E-D5BB9425DF5F}.Debug|Any CPU.Build.0 = Debug|Any CPU
		{2DD52BBA-6C55-4F54-AA4E-D5BB9425DF5F}.Release|Any CPU.ActiveCfg = Release|Any CPU
		{2DD52BBA-6C55-4F54-AA4E-D5BB9425DF5F}.Release|Any CPU.Build.0 = Release|Any CPU
		{820CCCC9-9489-4C06-8C12-E9A929BE4566}.Debug|Any CPU.ActiveCfg = Debug|Any CPU
		{820CCCC9-9489-4C06-8C12-E9A929BE4566}.Debug|Any CPU.Build.0 = Debug|Any CPU
		{820CCCC9-9489-4C06-8C12-E9A929BE4566}.Release|Any CPU.ActiveCfg = Release|Any CPU
		{820CCCC9-9489-4C06-8C12-E9A929BE4566}.Release|Any CPU.Build.0 = Release|Any CPU
		{ACB69D66-E476-4CD2-A648-63DA95528F5D}.Debug|Any CPU.ActiveCfg = Debug|Any CPU
		{ACB69D66-E476-4CD2-A648-63DA95528F5D}.Debug|Any CPU.Build.0 = Debug|Any CPU
		{ACB69D66-E476-4CD2-A648-63DA95528F5D}.Release|Any CPU.ActiveCfg = Release|Any CPU
		{ACB69D66-E476-4CD2-A648-63DA95528F5D}.Release|Any CPU.Build.0 = Release|Any CPU
		{22FA4AED-9E9B-4A0C-BF5F-35E3B29C0188}.Debug|Any CPU.ActiveCfg = Debug|Any CPU
		{22FA4AED-9E9B-4A0C-BF5F-35E3B29C0188}.Debug|Any CPU.Build.0 = Debug|Any CPU
		{22FA4AED-9E9B-4A0C-BF5F-35E3B29C0188}.Release|Any CPU.ActiveCfg = Release|Any CPU
		{22FA4AED-9E9B-4A0C-BF5F-35E3B29C0188}.Release|Any CPU.Build.0 = Release|Any CPU
	EndGlobalSection
EndGlobal
